
Microsoft Visual Studio Solution File, Format Version 12.00
# Visual Studio 14
VisualStudioVersion = 14.0.25420.1
MinimumVisualStudioVersion = 10.0.40219.1
Project("{FAE04EC0-301F-11D3-BF4B-00C04F79EFBC}") = "BranchManager", "BranchManager\BranchManager.csproj", "{6C4F3C72-4800-40C8-85FB-D1BD40EA605F}"
EndProject
Project("{FAE04EC0-301F-11D3-BF4B-00C04F79EFBC}") = "BranchCheck.Core", "BranchCheck.Core\BranchCheck.Core.csproj", "{FE601B4B-6762-465F-A1F3-E9BB99F0885D}"
EndProject
Global
	GlobalSection(SolutionConfigurationPlatforms) = preSolution
		Debug|Any CPU = Debug|Any CPU
		Release|Any CPU = Release|Any CPU
	EndGlobalSection
	GlobalSection(ProjectConfigurationPlatforms) = postSolution
		{6C4F3C72-4800-40C8-85FB-D1BD40EA605F}.Debug|Any CPU.ActiveCfg = Debug|Any CPU
		{6C4F3C72-4800-40C8-85FB-D1BD40EA605F}.Debug|Any CPU.Build.0 = Debug|Any CPU
		{6C4F3C72-4800-40C8-85FB-D1BD40EA605F}.Release|Any CPU.ActiveCfg = Release|Any CPU
		{6C4F3C72-4800-40C8-85FB-D1BD40EA605F}.Release|Any CPU.Build.0 = Release|Any CPU
		{FE601B4B-6762-465F-A1F3-E9BB99F0885D}.Debug|Any CPU.ActiveCfg = Debug|Any CPU
		{FE601B4B-6762-465F-A1F3-E9BB99F0885D}.Debug|Any CPU.Build.0 = Debug|Any CPU
		{FE601B4B-6762-465F-A1F3-E9BB99F0885D}.Release|Any CPU.ActiveCfg = Release|Any CPU
		{FE601B4B-6762-465F-A1F3-E9BB99F0885D}.Release|Any CPU.Build.0 = Release|Any CPU
	EndGlobalSection
	GlobalSection(SolutionProperties) = preSolution
		HideSolutionNode = FALSE
	EndGlobalSection
EndGlobal
